{
  "name": "@jest-automation/dto",
  "version": "0.0.8",
  "lockfileVersion": 2,
  "requires": true,
  "packages": {
    "": {
      "name": "@jest-automation/dto",
      "version": "0.0.8",
      "license": "MIT",
      "dependencies": {
        "class-validators": "^1.0.1"
      }
    },
    "node_modules/class-validators": {
      "version": "1.0.1",
      "resolved": "https://registry.npmjs.org/class-validators/-/class-validators-1.0.1.tgz",
      "integrity": "sha512-eZq3QmGore9AjzSifMv1K2UwLvNl/cKowp0mQDiYt3CdSnVw+70g1kcHO47s+4VD/T9dVi/MgtrZmXtFndL3vQ=="
    }
  },
  "dependencies": {
    "class-validators": {
      "version": "1.0.1",
      "resolved": "https://registry.npmjs.org/class-validators/-/class-validators-1.0.1.tgz",
      "integrity": "sha512-eZq3QmGore9AjzSifMv1K2UwLvNl/cKowp0mQDiYt3CdSnVw+70g1kcHO47s+4VD/T9dVi/MgtrZmXtFndL3vQ=="
    }
  }
}
