{
  "name": "@jest-automation/console",
  "version": "0.0.6",
  "lockfileVersion": 2,
  "requires": true,
  "packages": {
    "": {
      "name": "@jest-automation/console",
      "version": "0.0.6",
      "license": "MIT",
      "dependencies": {
        "get-current-line": "^6.6.0"
      }
    },
    "node_modules/get-current-line": {
      "version": "6.6.0",
      "resolved": "https://registry.npmjs.org/get-current-line/-/get-current-line-6.6.0.tgz",
      "integrity": "sha512-9q/tqdL4+GMb0P28N/oSFruQE/8Sa1l9ew73AWS4j/KEMY32wD8+5QRB8LSTgt9HUZuLplmi8vc5dFFf5OvROA==",
      "engines": {
        "node": ">=10"
      },
      "funding": {
        "url": "https://bevry.me/fund"
      }
    }
  },
  "dependencies": {
    "get-current-line": {
      "version": "6.6.0",
      "resolved": "https://registry.npmjs.org/get-current-line/-/get-current-line-6.6.0.tgz",
      "integrity": "sha512-9q/tqdL4+GMb0P28N/oSFruQE/8Sa1l9ew73AWS4j/KEMY32wD8+5QRB8LSTgt9HUZuLplmi8vc5dFFf5OvROA=="
    }
  }
}
