{
  "name": "@jest-automation/console",
  "version": "0.0.6",
  "lockfileVersion": 2,
  "requires": true,
  "packages": {
    "": {
      "name": "@jest-automation/console",
      "version": "0.0.6",
      "license": "MIT",
      "dependencies": {
        "get-current-line": "^6.6.0",
        "jest-automation": "file:../.."
      }
    },
    "../..": {
      "version": "0.0.0",
      "license": "MIT",
      "dependencies": {
        "@cucumber/gherkin": "^24.0.0",
        "@docusaurus/core": "2.0.1",
        "@docusaurus/preset-classic": "2.0.1",
        "@mdx-js/react": "^1.6.21",
        "ansi-colors": "^4.1.3",
        "callsites": "^4.0.0",
        "class-validator": "^0.13.2",
        "clsx": "^1.1.1",
        "dotenv": "^16.0.2",
        "get-current-line": "^6.6.0",
        "prism-react-renderer": "^1.2.1",
        "project-root-directory": "^1.0.3",
        "react": "^17.0.1",
        "react-dom": "^17.0.1",
        "reflect-metadata": "^0.1.13",
        "tslib": "^2.3.0"
      },
      "devDependencies": {
        "@docusaurus/module-type-aliases": "2.0.1",
        "@jscutlery/semver": "^2.26.0",
        "@nrwl/cli": "14.5.10",
        "@nrwl/eslint-plugin-nx": "14.5.10",
        "@nrwl/jest": "14.5.10",
        "@nrwl/js": "14.5.10",
        "@nrwl/linter": "14.5.10",
        "@nrwl/node": "14.5.10",
        "@nrwl/workspace": "14.5.10",
        "@nx-plus/docusaurus": "^14.1.0",
        "@types/jest": "^27.4.1",
        "@types/node": "^16.11.7",
        "@typescript-eslint/eslint-plugin": "^5.29.0",
        "@typescript-eslint/parser": "^5.29.0",
        "eslint": "~8.15.0",
        "eslint-config-prettier": "8.1.0",
        "jest": "^27.5.1",
        "jest-html-reporter": "^3.6.0",
        "nx": "14.5.10",
        "prettier": "^2.6.2",
        "ts-jest": "27.1.4",
        "ts-node": "10.9.1",
        "typescript": "~4.7.2"
      }
    },
    "node_modules/get-current-line": {
      "version": "6.6.0",
      "resolved": "https://registry.npmjs.org/get-current-line/-/get-current-line-6.6.0.tgz",
      "integrity": "sha512-9q/tqdL4+GMb0P28N/oSFruQE/8Sa1l9ew73AWS4j/KEMY32wD8+5QRB8LSTgt9HUZuLplmi8vc5dFFf5OvROA==",
      "engines": {
        "node": ">=10"
      },
      "funding": {
        "url": "https://bevry.me/fund"
      }
    },
    "node_modules/jest-automation": {
      "resolved": "../..",
      "link": true
    }
  },
  "dependencies": {
    "get-current-line": {
      "version": "6.6.0",
      "resolved": "https://registry.npmjs.org/get-current-line/-/get-current-line-6.6.0.tgz",
      "integrity": "sha512-9q/tqdL4+GMb0P28N/oSFruQE/8Sa1l9ew73AWS4j/KEMY32wD8+5QRB8LSTgt9HUZuLplmi8vc5dFFf5OvROA=="
    },
    "jest-automation": {
      "version": "file:../..",
      "requires": {
        "@cucumber/gherkin": "^24.0.0",
        "@docusaurus/core": "2.0.1",
        "@docusaurus/module-type-aliases": "2.0.1",
        "@docusaurus/preset-classic": "2.0.1",
        "@jscutlery/semver": "^2.26.0",
        "@mdx-js/react": "^1.6.21",
        "@nrwl/cli": "14.5.10",
        "@nrwl/eslint-plugin-nx": "14.5.10",
        "@nrwl/jest": "14.5.10",
        "@nrwl/js": "14.5.10",
        "@nrwl/linter": "14.5.10",
        "@nrwl/node": "14.5.10",
        "@nrwl/workspace": "14.5.10",
        "@nx-plus/docusaurus": "^14.1.0",
        "@types/jest": "^27.4.1",
        "@types/node": "^16.11.7",
        "@typescript-eslint/eslint-plugin": "^5.29.0",
        "@typescript-eslint/parser": "^5.29.0",
        "ansi-colors": "^4.1.3",
        "callsites": "^4.0.0",
        "class-validator": "^0.13.2",
        "clsx": "^1.1.1",
        "dotenv": "^16.0.2",
        "eslint": "~8.15.0",
        "eslint-config-prettier": "8.1.0",
        "get-current-line": "^6.6.0",
        "jest": "^27.5.1",
        "jest-html-reporter": "^3.6.0",
        "nx": "14.5.10",
        "prettier": "^2.6.2",
        "prism-react-renderer": "^1.2.1",
        "project-root-directory": "^1.0.3",
        "react": "^17.0.1",
        "react-dom": "^17.0.1",
        "reflect-metadata": "^0.1.13",
        "ts-jest": "27.1.4",
        "ts-node": "10.9.1",
        "tslib": "^2.3.0",
        "typescript": "~4.7.2"
      }
    }
  }
}
