{
  "name": "@jest-automation/cucumber",
  "version": "0.0.1",
  "lockfileVersion": 2,
  "requires": true,
  "packages": {
    "": {
      "name": "@jest-automation/cucumber",
      "version": "0.0.1",
      "license": "MIT",
      "dependencies": {
        "@cucumber/cucumber-expressions": "^16.0.0",
        "@jest-automation/console": "^0.0.5",
        "@jest-automation/shared-utilities": "^0.0.1",
        "callsites": "^4.0.0"
      }
    },
    "node_modules/@cucumber/cucumber-expressions": {
      "version": "16.0.0",
      "resolved": "https://registry.npmjs.org/@cucumber/cucumber-expressions/-/cucumber-expressions-16.0.0.tgz",
      "integrity": "sha512-HTh+Pg7oQ5aLuCkSbD2Q6jBaE40M3R/XaLEz+UqD5d9dZRu6P38W4LTooV5bV6dZgBunlMLK8+6ug2ziYvRddw==",
      "dependencies": {
        "regexp-match-indices": "1.0.2"
      }
    },
    "node_modules/@jest-automation/console": {
      "version": "0.0.5",
      "resolved": "https://registry.npmjs.org/@jest-automation/console/-/console-0.0.5.tgz",
      "integrity": "sha512-Zz96gqGbXmBHjf7/EHfZ+8Ft3pS9JDrck4XLyocIQ3AjcUWM9sh/8VxT5lqvFSHg2c69/T6xCAfswxxWJgUzIg==",
      "peerDependencies": {
        "ansi-colors": "^4.1.3",
        "get-current-line": "^6.6.0",
        "tslib": "^2.3.0"
      }
    },
    "node_modules/@jest-automation/shared-utilities": {
      "version": "0.0.1",
      "resolved": "https://registry.npmjs.org/@jest-automation/shared-utilities/-/shared-utilities-0.0.1.tgz",
      "integrity": "sha512-6x9b603mZ+aN6xI0fx5snRFKmoiINqnwhNc24wcRafPlRPx3lr64DY7k8DDLEjwp3+XHjILx9ZJYiXSe7H87QQ==",
      "peerDependencies": {
        "tslib": "^2.3.0"
      }
    },
    "node_modules/ansi-colors": {
      "version": "4.1.3",
      "resolved": "https://registry.npmjs.org/ansi-colors/-/ansi-colors-4.1.3.tgz",
      "integrity": "sha512-/6w/C21Pm1A7aZitlI5Ni/2J6FFQN8i1Cvz3kHABAAbw93v/NlvKdVOqz7CCWz/3iv/JplRSEEZ83XION15ovw==",
      "peer": true,
      "engines": {
        "node": ">=6"
      }
    },
    "node_modules/callsites": {
      "version": "4.0.0",
      "resolved": "https://registry.npmjs.org/callsites/-/callsites-4.0.0.tgz",
      "integrity": "sha512-y3jRROutgpKdz5vzEhWM34TidDU8vkJppF8dszITeb1PQmSqV3DTxyV8G/lyO/DNvtE1YTedehmw9MPZsCBHxQ==",
      "engines": {
        "node": ">=12.20"
      },
      "funding": {
        "url": "https://github.com/sponsors/sindresorhus"
      }
    },
    "node_modules/get-current-line": {
      "version": "6.6.0",
      "resolved": "https://registry.npmjs.org/get-current-line/-/get-current-line-6.6.0.tgz",
      "integrity": "sha512-9q/tqdL4+GMb0P28N/oSFruQE/8Sa1l9ew73AWS4j/KEMY32wD8+5QRB8LSTgt9HUZuLplmi8vc5dFFf5OvROA==",
      "peer": true,
      "engines": {
        "node": ">=10"
      },
      "funding": {
        "url": "https://bevry.me/fund"
      }
    },
    "node_modules/regexp-match-indices": {
      "version": "1.0.2",
      "resolved": "https://registry.npmjs.org/regexp-match-indices/-/regexp-match-indices-1.0.2.tgz",
      "integrity": "sha512-DwZuAkt8NF5mKwGGER1EGh2PRqyvhRhhLviH+R8y8dIuaQROlUfXjt4s9ZTXstIsSkptf06BSvwcEmmfheJJWQ==",
      "dependencies": {
        "regexp-tree": "^0.1.11"
      }
    },
    "node_modules/regexp-tree": {
      "version": "0.1.24",
      "resolved": "https://registry.npmjs.org/regexp-tree/-/regexp-tree-0.1.24.tgz",
      "integrity": "sha512-s2aEVuLhvnVJW6s/iPgEGK6R+/xngd2jNQ+xy4bXNDKxZKJH6jpPHY6kVeVv1IeLCHgswRj+Kl3ELaDjG6V1iw==",
      "bin": {
        "regexp-tree": "bin/regexp-tree"
      }
    },
    "node_modules/tslib": {
      "version": "2.4.0",
      "resolved": "https://registry.npmjs.org/tslib/-/tslib-2.4.0.tgz",
      "integrity": "sha512-d6xOpEDfsi2CZVlPQzGeux8XMwLT9hssAsaPYExaQMuYskwb+x1x7J371tWlbBdWHroy99KnVB6qIkUbs5X3UQ==",
      "peer": true
    }
  },
  "dependencies": {
    "@cucumber/cucumber-expressions": {
      "version": "16.0.0",
      "resolved": "https://registry.npmjs.org/@cucumber/cucumber-expressions/-/cucumber-expressions-16.0.0.tgz",
      "integrity": "sha512-HTh+Pg7oQ5aLuCkSbD2Q6jBaE40M3R/XaLEz+UqD5d9dZRu6P38W4LTooV5bV6dZgBunlMLK8+6ug2ziYvRddw==",
      "requires": {
        "regexp-match-indices": "1.0.2"
      }
    },
    "@jest-automation/console": {
      "version": "0.0.5",
      "resolved": "https://registry.npmjs.org/@jest-automation/console/-/console-0.0.5.tgz",
      "integrity": "sha512-Zz96gqGbXmBHjf7/EHfZ+8Ft3pS9JDrck4XLyocIQ3AjcUWM9sh/8VxT5lqvFSHg2c69/T6xCAfswxxWJgUzIg==",
      "requires": {}
    },
    "@jest-automation/shared-utilities": {
      "version": "0.0.1",
      "resolved": "https://registry.npmjs.org/@jest-automation/shared-utilities/-/shared-utilities-0.0.1.tgz",
      "integrity": "sha512-6x9b603mZ+aN6xI0fx5snRFKmoiINqnwhNc24wcRafPlRPx3lr64DY7k8DDLEjwp3+XHjILx9ZJYiXSe7H87QQ==",
      "requires": {}
    },
    "ansi-colors": {
      "version": "4.1.3",
      "resolved": "https://registry.npmjs.org/ansi-colors/-/ansi-colors-4.1.3.tgz",
      "integrity": "sha512-/6w/C21Pm1A7aZitlI5Ni/2J6FFQN8i1Cvz3kHABAAbw93v/NlvKdVOqz7CCWz/3iv/JplRSEEZ83XION15ovw==",
      "peer": true
    },
    "callsites": {
      "version": "4.0.0",
      "resolved": "https://registry.npmjs.org/callsites/-/callsites-4.0.0.tgz",
      "integrity": "sha512-y3jRROutgpKdz5vzEhWM34TidDU8vkJppF8dszITeb1PQmSqV3DTxyV8G/lyO/DNvtE1YTedehmw9MPZsCBHxQ=="
    },
    "get-current-line": {
      "version": "6.6.0",
      "resolved": "https://registry.npmjs.org/get-current-line/-/get-current-line-6.6.0.tgz",
      "integrity": "sha512-9q/tqdL4+GMb0P28N/oSFruQE/8Sa1l9ew73AWS4j/KEMY32wD8+5QRB8LSTgt9HUZuLplmi8vc5dFFf5OvROA==",
      "peer": true
    },
    "regexp-match-indices": {
      "version": "1.0.2",
      "resolved": "https://registry.npmjs.org/regexp-match-indices/-/regexp-match-indices-1.0.2.tgz",
      "integrity": "sha512-DwZuAkt8NF5mKwGGER1EGh2PRqyvhRhhLviH+R8y8dIuaQROlUfXjt4s9ZTXstIsSkptf06BSvwcEmmfheJJWQ==",
      "requires": {
        "regexp-tree": "^0.1.11"
      }
    },
    "regexp-tree": {
      "version": "0.1.24",
      "resolved": "https://registry.npmjs.org/regexp-tree/-/regexp-tree-0.1.24.tgz",
      "integrity": "sha512-s2aEVuLhvnVJW6s/iPgEGK6R+/xngd2jNQ+xy4bXNDKxZKJH6jpPHY6kVeVv1IeLCHgswRj+Kl3ELaDjG6V1iw=="
    },
    "tslib": {
      "version": "2.4.0",
      "resolved": "https://registry.npmjs.org/tslib/-/tslib-2.4.0.tgz",
      "integrity": "sha512-d6xOpEDfsi2CZVlPQzGeux8XMwLT9hssAsaPYExaQMuYskwb+x1x7J371tWlbBdWHroy99KnVB6qIkUbs5X3UQ==",
      "peer": true
    }
  }
}
