{
  "name": "@jest-automation/cucumber",
  "version": "0.0.1",
  "lockfileVersion": 2,
  "requires": true,
  "packages": {
    "": {
      "name": "@jest-automation/cucumber",
      "version": "0.0.1",
      "license": "MIT",
      "dependencies": {
        "@cucumber/cucumber-expressions": "^16.0.0",
        "@jest-automation/console": "^0.0.6",
        "@jest-automation/shared-utilities": "^0.0.3",
        "reflect-metadata": "^0.1.13",
        "tsyringe": "^4.7.0"
      }
    },
    "node_modules/@cucumber/cucumber-expressions": {
      "version": "16.0.0",
      "resolved": "https://registry.npmjs.org/@cucumber/cucumber-expressions/-/cucumber-expressions-16.0.0.tgz",
      "integrity": "sha512-HTh+Pg7oQ5aLuCkSbD2Q6jBaE40M3R/XaLEz+UqD5d9dZRu6P38W4LTooV5bV6dZgBunlMLK8+6ug2ziYvRddw==",
      "dependencies": {
        "regexp-match-indices": "1.0.2"
      }
    },
    "node_modules/@jest-automation/console": {
      "version": "0.0.6",
      "resolved": "https://registry.npmjs.org/@jest-automation/console/-/console-0.0.6.tgz",
      "integrity": "sha512-c6diC+gKx8LkpnoGWp3V181UrRvIX/eG4sl/OujkdlhJPutWtDkjdiM3Ja/dhyXQXzE0puUySj/gN7Mivpp2pQ==",
      "peerDependencies": {
        "ansi-colors": "^4.1.3",
        "get-current-line": "^6.6.0",
        "tslib": "^2.3.0"
      }
    },
    "node_modules/@jest-automation/shared-utilities": {
      "version": "0.0.3",
      "resolved": "https://registry.npmjs.org/@jest-automation/shared-utilities/-/shared-utilities-0.0.3.tgz",
      "integrity": "sha512-Z43KHbojL8+jb9V0ztJwzfcTR1T38jMfZ3xDBPOnihQHJU9esbo25k8WupmbdcwMLNE2Xt6Slsxjmo9rB62R6A==",
      "peerDependencies": {
        "tslib": "^2.3.0"
      }
    },
    "node_modules/ansi-colors": {
      "version": "4.1.3",
      "resolved": "https://registry.npmjs.org/ansi-colors/-/ansi-colors-4.1.3.tgz",
      "integrity": "sha512-/6w/C21Pm1A7aZitlI5Ni/2J6FFQN8i1Cvz3kHABAAbw93v/NlvKdVOqz7CCWz/3iv/JplRSEEZ83XION15ovw==",
      "peer": true,
      "engines": {
        "node": ">=6"
      }
    },
    "node_modules/get-current-line": {
      "version": "6.6.0",
      "resolved": "https://registry.npmjs.org/get-current-line/-/get-current-line-6.6.0.tgz",
      "integrity": "sha512-9q/tqdL4+GMb0P28N/oSFruQE/8Sa1l9ew73AWS4j/KEMY32wD8+5QRB8LSTgt9HUZuLplmi8vc5dFFf5OvROA==",
      "peer": true,
      "engines": {
        "node": ">=10"
      },
      "funding": {
        "url": "https://bevry.me/fund"
      }
    },
    "node_modules/reflect-metadata": {
      "version": "0.1.13",
      "resolved": "https://registry.npmjs.org/reflect-metadata/-/reflect-metadata-0.1.13.tgz",
      "integrity": "sha512-Ts1Y/anZELhSsjMcU605fU9RE4Oi3p5ORujwbIKXfWa+0Zxs510Qrmrce5/Jowq3cHSZSJqBjypxmHarc+vEWg=="
    },
    "node_modules/regexp-match-indices": {
      "version": "1.0.2",
      "resolved": "https://registry.npmjs.org/regexp-match-indices/-/regexp-match-indices-1.0.2.tgz",
      "integrity": "sha512-DwZuAkt8NF5mKwGGER1EGh2PRqyvhRhhLviH+R8y8dIuaQROlUfXjt4s9ZTXstIsSkptf06BSvwcEmmfheJJWQ==",
      "dependencies": {
        "regexp-tree": "^0.1.11"
      }
    },
    "node_modules/regexp-tree": {
      "version": "0.1.24",
      "resolved": "https://registry.npmjs.org/regexp-tree/-/regexp-tree-0.1.24.tgz",
      "integrity": "sha512-s2aEVuLhvnVJW6s/iPgEGK6R+/xngd2jNQ+xy4bXNDKxZKJH6jpPHY6kVeVv1IeLCHgswRj+Kl3ELaDjG6V1iw==",
      "bin": {
        "regexp-tree": "bin/regexp-tree"
      }
    },
    "node_modules/tslib": {
      "version": "2.4.0",
      "resolved": "https://registry.npmjs.org/tslib/-/tslib-2.4.0.tgz",
      "integrity": "sha512-d6xOpEDfsi2CZVlPQzGeux8XMwLT9hssAsaPYExaQMuYskwb+x1x7J371tWlbBdWHroy99KnVB6qIkUbs5X3UQ==",
      "peer": true
    },
    "node_modules/tsyringe": {
      "version": "4.7.0",
      "resolved": "https://registry.npmjs.org/tsyringe/-/tsyringe-4.7.0.tgz",
      "integrity": "sha512-ncFDM1jTLsok4ejMvSW5jN1VGPQD48y2tfAR0pdptWRKYX4bkbqPt92k7KJ5RFJ1KV36JEs/+TMh7I6OUgj74g==",
      "dependencies": {
        "tslib": "^1.9.3"
      },
      "engines": {
        "node": ">= 6.0.0"
      }
    },
    "node_modules/tsyringe/node_modules/tslib": {
      "version": "1.14.1",
      "resolved": "https://registry.npmjs.org/tslib/-/tslib-1.14.1.tgz",
      "integrity": "sha512-Xni35NKzjgMrwevysHTCArtLDpPvye8zV/0E4EyYn43P7/7qvQwPh9BGkHewbMulVntbigmcT7rdX3BNo9wRJg=="
    }
  },
  "dependencies": {
    "@cucumber/cucumber-expressions": {
      "version": "16.0.0",
      "resolved": "https://registry.npmjs.org/@cucumber/cucumber-expressions/-/cucumber-expressions-16.0.0.tgz",
      "integrity": "sha512-HTh+Pg7oQ5aLuCkSbD2Q6jBaE40M3R/XaLEz+UqD5d9dZRu6P38W4LTooV5bV6dZgBunlMLK8+6ug2ziYvRddw==",
      "requires": {
        "regexp-match-indices": "1.0.2"
      }
    },
    "@jest-automation/console": {
      "version": "0.0.6",
      "resolved": "https://registry.npmjs.org/@jest-automation/console/-/console-0.0.6.tgz",
      "integrity": "sha512-c6diC+gKx8LkpnoGWp3V181UrRvIX/eG4sl/OujkdlhJPutWtDkjdiM3Ja/dhyXQXzE0puUySj/gN7Mivpp2pQ==",
      "requires": {}
    },
    "@jest-automation/shared-utilities": {
      "version": "0.0.3",
      "resolved": "https://registry.npmjs.org/@jest-automation/shared-utilities/-/shared-utilities-0.0.3.tgz",
      "integrity": "sha512-Z43KHbojL8+jb9V0ztJwzfcTR1T38jMfZ3xDBPOnihQHJU9esbo25k8WupmbdcwMLNE2Xt6Slsxjmo9rB62R6A==",
      "requires": {}
    },
    "ansi-colors": {
      "version": "4.1.3",
      "resolved": "https://registry.npmjs.org/ansi-colors/-/ansi-colors-4.1.3.tgz",
      "integrity": "sha512-/6w/C21Pm1A7aZitlI5Ni/2J6FFQN8i1Cvz3kHABAAbw93v/NlvKdVOqz7CCWz/3iv/JplRSEEZ83XION15ovw==",
      "peer": true
    },
    "get-current-line": {
      "version": "6.6.0",
      "resolved": "https://registry.npmjs.org/get-current-line/-/get-current-line-6.6.0.tgz",
      "integrity": "sha512-9q/tqdL4+GMb0P28N/oSFruQE/8Sa1l9ew73AWS4j/KEMY32wD8+5QRB8LSTgt9HUZuLplmi8vc5dFFf5OvROA==",
      "peer": true
    },
    "reflect-metadata": {
      "version": "0.1.13",
      "resolved": "https://registry.npmjs.org/reflect-metadata/-/reflect-metadata-0.1.13.tgz",
      "integrity": "sha512-Ts1Y/anZELhSsjMcU605fU9RE4Oi3p5ORujwbIKXfWa+0Zxs510Qrmrce5/Jowq3cHSZSJqBjypxmHarc+vEWg=="
    },
    "regexp-match-indices": {
      "version": "1.0.2",
      "resolved": "https://registry.npmjs.org/regexp-match-indices/-/regexp-match-indices-1.0.2.tgz",
      "integrity": "sha512-DwZuAkt8NF5mKwGGER1EGh2PRqyvhRhhLviH+R8y8dIuaQROlUfXjt4s9ZTXstIsSkptf06BSvwcEmmfheJJWQ==",
      "requires": {
        "regexp-tree": "^0.1.11"
      }
    },
    "regexp-tree": {
      "version": "0.1.24",
      "resolved": "https://registry.npmjs.org/regexp-tree/-/regexp-tree-0.1.24.tgz",
      "integrity": "sha512-s2aEVuLhvnVJW6s/iPgEGK6R+/xngd2jNQ+xy4bXNDKxZKJH6jpPHY6kVeVv1IeLCHgswRj+Kl3ELaDjG6V1iw=="
    },
    "tslib": {
      "version": "2.4.0",
      "resolved": "https://registry.npmjs.org/tslib/-/tslib-2.4.0.tgz",
      "integrity": "sha512-d6xOpEDfsi2CZVlPQzGeux8XMwLT9hssAsaPYExaQMuYskwb+x1x7J371tWlbBdWHroy99KnVB6qIkUbs5X3UQ==",
      "peer": true
    },
    "tsyringe": {
      "version": "4.7.0",
      "resolved": "https://registry.npmjs.org/tsyringe/-/tsyringe-4.7.0.tgz",
      "integrity": "sha512-ncFDM1jTLsok4ejMvSW5jN1VGPQD48y2tfAR0pdptWRKYX4bkbqPt92k7KJ5RFJ1KV36JEs/+TMh7I6OUgj74g==",
      "requires": {
        "tslib": "^1.9.3"
      },
      "dependencies": {
        "tslib": {
          "version": "1.14.1",
          "resolved": "https://registry.npmjs.org/tslib/-/tslib-1.14.1.tgz",
          "integrity": "sha512-Xni35NKzjgMrwevysHTCArtLDpPvye8zV/0E4EyYn43P7/7qvQwPh9BGkHewbMulVntbigmcT7rdX3BNo9wRJg=="
        }
      }
    }
  }
}
