{
  "name": "@jest-automation/cucumber",
  "version": "0.0.6",
  "lockfileVersion": 2,
  "requires": true,
  "packages": {
    "": {
      "name": "@jest-automation/cucumber",
      "version": "0.0.6",
      "license": "MIT",
      "dependencies": {
        "@cucumber/cucumber-expressions": "^16.0.0",
        "@jest-automation/console": "^0.0.6",
        "@jest-automation/shared-utilities": "^0.0.5",
        "@jest-automation/store": "^0.0.3",
        "jest-automation": "file:../..",
        "reflect-metadata": "^0.1.13",
        "tsyringe": "^4.7.0"
      },
      "devDependencies": {
        "@jest/types": "^29.0.2"
      }
    },
    "../..": {
      "version": "0.0.0",
      "license": "MIT",
      "dependencies": {
        "@cucumber/gherkin": "^24.0.0",
        "@docusaurus/core": "2.0.1",
        "@docusaurus/preset-classic": "2.0.1",
        "@mdx-js/react": "^1.6.21",
        "ansi-colors": "^4.1.3",
        "callsites": "^4.0.0",
        "class-validator": "^0.13.2",
        "clsx": "^1.1.1",
        "dotenv": "^16.0.2",
        "get-current-line": "^6.6.0",
        "prism-react-renderer": "^1.2.1",
        "project-root-directory": "^1.0.3",
        "react": "^17.0.1",
        "react-dom": "^17.0.1",
        "reflect-metadata": "^0.1.13",
        "tslib": "^2.3.0"
      },
      "devDependencies": {
        "@docusaurus/module-type-aliases": "2.0.1",
        "@jscutlery/semver": "^2.26.0",
        "@nrwl/cli": "14.5.10",
        "@nrwl/eslint-plugin-nx": "14.5.10",
        "@nrwl/jest": "14.5.10",
        "@nrwl/js": "14.5.10",
        "@nrwl/linter": "14.5.10",
        "@nrwl/node": "14.5.10",
        "@nrwl/workspace": "14.5.10",
        "@nx-plus/docusaurus": "^14.1.0",
        "@types/jest": "^27.4.1",
        "@types/node": "^16.11.7",
        "@typescript-eslint/eslint-plugin": "^5.29.0",
        "@typescript-eslint/parser": "^5.29.0",
        "eslint": "~8.15.0",
        "eslint-config-prettier": "8.1.0",
        "jest": "^27.5.1",
        "jest-html-reporter": "^3.6.0",
        "nx": "14.5.10",
        "prettier": "^2.6.2",
        "ts-jest": "27.1.4",
        "ts-node": "10.9.1",
        "typescript": "~4.7.2"
      }
    },
    "node_modules/@cucumber/cucumber-expressions": {
      "version": "16.0.0",
      "resolved": "https://registry.npmjs.org/@cucumber/cucumber-expressions/-/cucumber-expressions-16.0.0.tgz",
      "integrity": "sha512-HTh+Pg7oQ5aLuCkSbD2Q6jBaE40M3R/XaLEz+UqD5d9dZRu6P38W4LTooV5bV6dZgBunlMLK8+6ug2ziYvRddw==",
      "dependencies": {
        "regexp-match-indices": "1.0.2"
      }
    },
    "node_modules/@jest-automation/console": {
      "version": "0.0.6",
      "resolved": "https://registry.npmjs.org/@jest-automation/console/-/console-0.0.6.tgz",
      "integrity": "sha512-c6diC+gKx8LkpnoGWp3V181UrRvIX/eG4sl/OujkdlhJPutWtDkjdiM3Ja/dhyXQXzE0puUySj/gN7Mivpp2pQ==",
      "peerDependencies": {
        "ansi-colors": "^4.1.3",
        "get-current-line": "^6.6.0",
        "tslib": "^2.3.0"
      }
    },
    "node_modules/@jest-automation/shared-utilities": {
      "version": "0.0.5",
      "resolved": "https://registry.npmjs.org/@jest-automation/shared-utilities/-/shared-utilities-0.0.5.tgz",
      "integrity": "sha512-Mbfq95MJ81cQCC0RGYVr6pA4ppAPgEjU4urA0CNxHpyKUm7HZjGF4gISgqGb8DJmXWkKNi3g/0Ppn2wTk76nAA==",
      "dependencies": {
        "tsyringe": "^4.7.0"
      },
      "peerDependencies": {
        "reflect-metadata": "^0.1.13",
        "tslib": "^2.4.0"
      }
    },
    "node_modules/@jest-automation/store": {
      "version": "0.0.3",
      "resolved": "http://localhost:4873/@jest-automation%2fstore/-/store-0.0.3.tgz",
      "integrity": "sha512-7R3TXUyvFO0+a8eSIdVkJtXtKsmeuzm+raL+DSR9itvTQAfUGyAPp0TtaNFkJ+MM+3/8vD3bsvQvB9yuA2BKyQ==",
      "dependencies": {
        "@jest-automation/shared-utilities": "^0.0.5",
        "tslib": "^2.4.0",
        "tsyringe": "^4.7.0"
      },
      "peerDependencies": {
        "reflect-metadata": "^0.1.13"
      }
    },
    "node_modules/@jest/schemas": {
      "version": "29.0.0",
      "resolved": "https://registry.npmjs.org/@jest/schemas/-/schemas-29.0.0.tgz",
      "integrity": "sha512-3Ab5HgYIIAnS0HjqJHQYZS+zXc4tUmTmBH3z83ajI6afXp8X3ZtdLX+nXx+I7LNkJD7uN9LAVhgnjDgZa2z0kA==",
      "dev": true,
      "dependencies": {
        "@sinclair/typebox": "^0.24.1"
      },
      "engines": {
        "node": "^14.15.0 || ^16.10.0 || >=18.0.0"
      }
    },
    "node_modules/@jest/types": {
      "version": "29.0.2",
      "resolved": "https://registry.npmjs.org/@jest/types/-/types-29.0.2.tgz",
      "integrity": "sha512-5WNMesBLmlkt1+fVkoCjHa0X3i3q8zc4QLTDkdHgCa2gyPZc7rdlZBWgVLqwS1860ZW5xJuCDwAzqbGaXIr/ew==",
      "dev": true,
      "dependencies": {
        "@jest/schemas": "^29.0.0",
        "@types/istanbul-lib-coverage": "^2.0.0",
        "@types/istanbul-reports": "^3.0.0",
        "@types/node": "*",
        "@types/yargs": "^17.0.8",
        "chalk": "^4.0.0"
      },
      "engines": {
        "node": "^14.15.0 || ^16.10.0 || >=18.0.0"
      }
    },
    "node_modules/@sinclair/typebox": {
      "version": "0.24.35",
      "resolved": "https://registry.npmjs.org/@sinclair/typebox/-/typebox-0.24.35.tgz",
      "integrity": "sha512-iN6ehuDndiTiDz2F+Orv/+oHJR+PrGv+38oghCddpsW4YEZl5qyLsWxSwYUWrKEOfjpGtXDFW6scJtjpzSLeSw==",
      "dev": true
    },
    "node_modules/@types/istanbul-lib-coverage": {
      "version": "2.0.4",
      "resolved": "https://registry.npmjs.org/@types/istanbul-lib-coverage/-/istanbul-lib-coverage-2.0.4.tgz",
      "integrity": "sha512-z/QT1XN4K4KYuslS23k62yDIDLwLFkzxOuMplDtObz0+y7VqJCaO2o+SPwHCvLFZh7xazvvoor2tA/hPz9ee7g==",
      "dev": true
    },
    "node_modules/@types/istanbul-lib-report": {
      "version": "3.0.0",
      "resolved": "https://registry.npmjs.org/@types/istanbul-lib-report/-/istanbul-lib-report-3.0.0.tgz",
      "integrity": "sha512-plGgXAPfVKFoYfa9NpYDAkseG+g6Jr294RqeqcqDixSbU34MZVJRi/P+7Y8GDpzkEwLaGZZOpKIEmeVZNtKsrg==",
      "dev": true,
      "dependencies": {
        "@types/istanbul-lib-coverage": "*"
      }
    },
    "node_modules/@types/istanbul-reports": {
      "version": "3.0.1",
      "resolved": "https://registry.npmjs.org/@types/istanbul-reports/-/istanbul-reports-3.0.1.tgz",
      "integrity": "sha512-c3mAZEuK0lvBp8tmuL74XRKn1+y2dcwOUpH7x4WrF6gk1GIgiluDRgMYQtw2OFcBvAJWlt6ASU3tSqxp0Uu0Aw==",
      "dev": true,
      "dependencies": {
        "@types/istanbul-lib-report": "*"
      }
    },
    "node_modules/@types/node": {
      "version": "18.7.14",
      "resolved": "https://registry.npmjs.org/@types/node/-/node-18.7.14.tgz",
      "integrity": "sha512-6bbDaETVi8oyIARulOE9qF1/Qdi/23z6emrUh0fNJRUmjznqrixD4MpGDdgOFk5Xb0m2H6Xu42JGdvAxaJR/wA==",
      "dev": true
    },
    "node_modules/@types/yargs": {
      "version": "17.0.12",
      "resolved": "https://registry.npmjs.org/@types/yargs/-/yargs-17.0.12.tgz",
      "integrity": "sha512-Nz4MPhecOFArtm81gFQvQqdV7XYCrWKx5uUt6GNHredFHn1i2mtWqXTON7EPXMtNi1qjtjEM/VCHDhcHsAMLXQ==",
      "dev": true,
      "dependencies": {
        "@types/yargs-parser": "*"
      }
    },
    "node_modules/@types/yargs-parser": {
      "version": "21.0.0",
      "resolved": "https://registry.npmjs.org/@types/yargs-parser/-/yargs-parser-21.0.0.tgz",
      "integrity": "sha512-iO9ZQHkZxHn4mSakYV0vFHAVDyEOIJQrV2uZ06HxEPcx+mt8swXoZHIbaaJ2crJYFfErySgktuTZ3BeLz+XmFA==",
      "dev": true
    },
    "node_modules/ansi-colors": {
      "version": "4.1.3",
      "resolved": "https://registry.npmjs.org/ansi-colors/-/ansi-colors-4.1.3.tgz",
      "integrity": "sha512-/6w/C21Pm1A7aZitlI5Ni/2J6FFQN8i1Cvz3kHABAAbw93v/NlvKdVOqz7CCWz/3iv/JplRSEEZ83XION15ovw==",
      "peer": true,
      "engines": {
        "node": ">=6"
      }
    },
    "node_modules/ansi-styles": {
      "version": "4.3.0",
      "resolved": "https://registry.npmjs.org/ansi-styles/-/ansi-styles-4.3.0.tgz",
      "integrity": "sha512-zbB9rCJAT1rbjiVDb2hqKFHNYLxgtk8NURxZ3IZwD3F6NtxbXZQCnnSi1Lkx+IDohdPlFp222wVALIheZJQSEg==",
      "dev": true,
      "dependencies": {
        "color-convert": "^2.0.1"
      },
      "engines": {
        "node": ">=8"
      },
      "funding": {
        "url": "https://github.com/chalk/ansi-styles?sponsor=1"
      }
    },
    "node_modules/chalk": {
      "version": "4.1.2",
      "resolved": "https://registry.npmjs.org/chalk/-/chalk-4.1.2.tgz",
      "integrity": "sha512-oKnbhFyRIXpUuez8iBMmyEa4nbj4IOQyuhc/wy9kY7/WVPcwIO9VA668Pu8RkO7+0G76SLROeyw9CpQ061i4mA==",
      "dev": true,
      "dependencies": {
        "ansi-styles": "^4.1.0",
        "supports-color": "^7.1.0"
      },
      "engines": {
        "node": ">=10"
      },
      "funding": {
        "url": "https://github.com/chalk/chalk?sponsor=1"
      }
    },
    "node_modules/color-convert": {
      "version": "2.0.1",
      "resolved": "https://registry.npmjs.org/color-convert/-/color-convert-2.0.1.tgz",
      "integrity": "sha512-RRECPsj7iu/xb5oKYcsFHSppFNnsj/52OVTRKb4zP5onXwVF3zVmmToNcOfGC+CRDpfK/U584fMg38ZHCaElKQ==",
      "dev": true,
      "dependencies": {
        "color-name": "~1.1.4"
      },
      "engines": {
        "node": ">=7.0.0"
      }
    },
    "node_modules/color-name": {
      "version": "1.1.4",
      "resolved": "https://registry.npmjs.org/color-name/-/color-name-1.1.4.tgz",
      "integrity": "sha512-dOy+3AuW3a2wNbZHIuMZpTcgjGuLU/uBL/ubcZF9OXbDo8ff4O8yVp5Bf0efS8uEoYo5q4Fx7dY9OgQGXgAsQA==",
      "dev": true
    },
    "node_modules/get-current-line": {
      "version": "6.6.0",
      "resolved": "https://registry.npmjs.org/get-current-line/-/get-current-line-6.6.0.tgz",
      "integrity": "sha512-9q/tqdL4+GMb0P28N/oSFruQE/8Sa1l9ew73AWS4j/KEMY32wD8+5QRB8LSTgt9HUZuLplmi8vc5dFFf5OvROA==",
      "peer": true,
      "engines": {
        "node": ">=10"
      },
      "funding": {
        "url": "https://bevry.me/fund"
      }
    },
    "node_modules/has-flag": {
      "version": "4.0.0",
      "resolved": "https://registry.npmjs.org/has-flag/-/has-flag-4.0.0.tgz",
      "integrity": "sha512-EykJT/Q1KjTWctppgIAgfSO0tKVuZUjhgMr17kqTumMl6Afv3EISleU7qZUzoXDFTAHTDC4NOoG/ZxU3EvlMPQ==",
      "dev": true,
      "engines": {
        "node": ">=8"
      }
    },
    "node_modules/jest-automation": {
      "resolved": "../..",
      "link": true
    },
    "node_modules/reflect-metadata": {
      "version": "0.1.13",
      "resolved": "https://registry.npmjs.org/reflect-metadata/-/reflect-metadata-0.1.13.tgz",
      "integrity": "sha512-Ts1Y/anZELhSsjMcU605fU9RE4Oi3p5ORujwbIKXfWa+0Zxs510Qrmrce5/Jowq3cHSZSJqBjypxmHarc+vEWg=="
    },
    "node_modules/regexp-match-indices": {
      "version": "1.0.2",
      "resolved": "https://registry.npmjs.org/regexp-match-indices/-/regexp-match-indices-1.0.2.tgz",
      "integrity": "sha512-DwZuAkt8NF5mKwGGER1EGh2PRqyvhRhhLviH+R8y8dIuaQROlUfXjt4s9ZTXstIsSkptf06BSvwcEmmfheJJWQ==",
      "dependencies": {
        "regexp-tree": "^0.1.11"
      }
    },
    "node_modules/regexp-tree": {
      "version": "0.1.24",
      "resolved": "https://registry.npmjs.org/regexp-tree/-/regexp-tree-0.1.24.tgz",
      "integrity": "sha512-s2aEVuLhvnVJW6s/iPgEGK6R+/xngd2jNQ+xy4bXNDKxZKJH6jpPHY6kVeVv1IeLCHgswRj+Kl3ELaDjG6V1iw==",
      "bin": {
        "regexp-tree": "bin/regexp-tree"
      }
    },
    "node_modules/supports-color": {
      "version": "7.2.0",
      "resolved": "https://registry.npmjs.org/supports-color/-/supports-color-7.2.0.tgz",
      "integrity": "sha512-qpCAvRl9stuOHveKsn7HncJRvv501qIacKzQlO/+Lwxc9+0q2wLyv4Dfvt80/DPn2pqOBsJdDiogXGR9+OvwRw==",
      "dev": true,
      "dependencies": {
        "has-flag": "^4.0.0"
      },
      "engines": {
        "node": ">=8"
      }
    },
    "node_modules/tslib": {
      "version": "2.4.0",
      "resolved": "https://registry.npmjs.org/tslib/-/tslib-2.4.0.tgz",
      "integrity": "sha512-d6xOpEDfsi2CZVlPQzGeux8XMwLT9hssAsaPYExaQMuYskwb+x1x7J371tWlbBdWHroy99KnVB6qIkUbs5X3UQ=="
    },
    "node_modules/tsyringe": {
      "version": "4.7.0",
      "resolved": "https://registry.npmjs.org/tsyringe/-/tsyringe-4.7.0.tgz",
      "integrity": "sha512-ncFDM1jTLsok4ejMvSW5jN1VGPQD48y2tfAR0pdptWRKYX4bkbqPt92k7KJ5RFJ1KV36JEs/+TMh7I6OUgj74g==",
      "dependencies": {
        "tslib": "^1.9.3"
      },
      "engines": {
        "node": ">= 6.0.0"
      }
    },
    "node_modules/tsyringe/node_modules/tslib": {
      "version": "1.14.1",
      "resolved": "https://registry.npmjs.org/tslib/-/tslib-1.14.1.tgz",
      "integrity": "sha512-Xni35NKzjgMrwevysHTCArtLDpPvye8zV/0E4EyYn43P7/7qvQwPh9BGkHewbMulVntbigmcT7rdX3BNo9wRJg=="
    }
  },
  "dependencies": {
    "@cucumber/cucumber-expressions": {
      "version": "16.0.0",
      "resolved": "https://registry.npmjs.org/@cucumber/cucumber-expressions/-/cucumber-expressions-16.0.0.tgz",
      "integrity": "sha512-HTh+Pg7oQ5aLuCkSbD2Q6jBaE40M3R/XaLEz+UqD5d9dZRu6P38W4LTooV5bV6dZgBunlMLK8+6ug2ziYvRddw==",
      "requires": {
        "regexp-match-indices": "1.0.2"
      }
    },
    "@jest-automation/console": {
      "version": "0.0.6",
      "resolved": "https://registry.npmjs.org/@jest-automation/console/-/console-0.0.6.tgz",
      "integrity": "sha512-c6diC+gKx8LkpnoGWp3V181UrRvIX/eG4sl/OujkdlhJPutWtDkjdiM3Ja/dhyXQXzE0puUySj/gN7Mivpp2pQ==",
      "requires": {}
    },
    "@jest-automation/shared-utilities": {
      "version": "0.0.5",
      "resolved": "https://registry.npmjs.org/@jest-automation/shared-utilities/-/shared-utilities-0.0.5.tgz",
      "integrity": "sha512-Mbfq95MJ81cQCC0RGYVr6pA4ppAPgEjU4urA0CNxHpyKUm7HZjGF4gISgqGb8DJmXWkKNi3g/0Ppn2wTk76nAA==",
      "requires": {
        "tsyringe": "^4.7.0"
      }
    },
    "@jest-automation/store": {
      "version": "0.0.3",
      "resolved": "http://localhost:4873/@jest-automation%2fstore/-/store-0.0.3.tgz",
      "integrity": "sha512-7R3TXUyvFO0+a8eSIdVkJtXtKsmeuzm+raL+DSR9itvTQAfUGyAPp0TtaNFkJ+MM+3/8vD3bsvQvB9yuA2BKyQ==",
      "requires": {
        "@jest-automation/shared-utilities": "^0.0.5",
        "tslib": "^2.4.0",
        "tsyringe": "^4.7.0"
      }
    },
    "@jest/schemas": {
      "version": "29.0.0",
      "resolved": "https://registry.npmjs.org/@jest/schemas/-/schemas-29.0.0.tgz",
      "integrity": "sha512-3Ab5HgYIIAnS0HjqJHQYZS+zXc4tUmTmBH3z83ajI6afXp8X3ZtdLX+nXx+I7LNkJD7uN9LAVhgnjDgZa2z0kA==",
      "dev": true,
      "requires": {
        "@sinclair/typebox": "^0.24.1"
      }
    },
    "@jest/types": {
      "version": "29.0.2",
      "resolved": "https://registry.npmjs.org/@jest/types/-/types-29.0.2.tgz",
      "integrity": "sha512-5WNMesBLmlkt1+fVkoCjHa0X3i3q8zc4QLTDkdHgCa2gyPZc7rdlZBWgVLqwS1860ZW5xJuCDwAzqbGaXIr/ew==",
      "dev": true,
      "requires": {
        "@jest/schemas": "^29.0.0",
        "@types/istanbul-lib-coverage": "^2.0.0",
        "@types/istanbul-reports": "^3.0.0",
        "@types/node": "*",
        "@types/yargs": "^17.0.8",
        "chalk": "^4.0.0"
      }
    },
    "@sinclair/typebox": {
      "version": "0.24.35",
      "resolved": "https://registry.npmjs.org/@sinclair/typebox/-/typebox-0.24.35.tgz",
      "integrity": "sha512-iN6ehuDndiTiDz2F+Orv/+oHJR+PrGv+38oghCddpsW4YEZl5qyLsWxSwYUWrKEOfjpGtXDFW6scJtjpzSLeSw==",
      "dev": true
    },
    "@types/istanbul-lib-coverage": {
      "version": "2.0.4",
      "resolved": "https://registry.npmjs.org/@types/istanbul-lib-coverage/-/istanbul-lib-coverage-2.0.4.tgz",
      "integrity": "sha512-z/QT1XN4K4KYuslS23k62yDIDLwLFkzxOuMplDtObz0+y7VqJCaO2o+SPwHCvLFZh7xazvvoor2tA/hPz9ee7g==",
      "dev": true
    },
    "@types/istanbul-lib-report": {
      "version": "3.0.0",
      "resolved": "https://registry.npmjs.org/@types/istanbul-lib-report/-/istanbul-lib-report-3.0.0.tgz",
      "integrity": "sha512-plGgXAPfVKFoYfa9NpYDAkseG+g6Jr294RqeqcqDixSbU34MZVJRi/P+7Y8GDpzkEwLaGZZOpKIEmeVZNtKsrg==",
      "dev": true,
      "requires": {
        "@types/istanbul-lib-coverage": "*"
      }
    },
    "@types/istanbul-reports": {
      "version": "3.0.1",
      "resolved": "https://registry.npmjs.org/@types/istanbul-reports/-/istanbul-reports-3.0.1.tgz",
      "integrity": "sha512-c3mAZEuK0lvBp8tmuL74XRKn1+y2dcwOUpH7x4WrF6gk1GIgiluDRgMYQtw2OFcBvAJWlt6ASU3tSqxp0Uu0Aw==",
      "dev": true,
      "requires": {
        "@types/istanbul-lib-report": "*"
      }
    },
    "@types/node": {
      "version": "18.7.14",
      "resolved": "https://registry.npmjs.org/@types/node/-/node-18.7.14.tgz",
      "integrity": "sha512-6bbDaETVi8oyIARulOE9qF1/Qdi/23z6emrUh0fNJRUmjznqrixD4MpGDdgOFk5Xb0m2H6Xu42JGdvAxaJR/wA==",
      "dev": true
    },
    "@types/yargs": {
      "version": "17.0.12",
      "resolved": "https://registry.npmjs.org/@types/yargs/-/yargs-17.0.12.tgz",
      "integrity": "sha512-Nz4MPhecOFArtm81gFQvQqdV7XYCrWKx5uUt6GNHredFHn1i2mtWqXTON7EPXMtNi1qjtjEM/VCHDhcHsAMLXQ==",
      "dev": true,
      "requires": {
        "@types/yargs-parser": "*"
      }
    },
    "@types/yargs-parser": {
      "version": "21.0.0",
      "resolved": "https://registry.npmjs.org/@types/yargs-parser/-/yargs-parser-21.0.0.tgz",
      "integrity": "sha512-iO9ZQHkZxHn4mSakYV0vFHAVDyEOIJQrV2uZ06HxEPcx+mt8swXoZHIbaaJ2crJYFfErySgktuTZ3BeLz+XmFA==",
      "dev": true
    },
    "ansi-colors": {
      "version": "4.1.3",
      "resolved": "https://registry.npmjs.org/ansi-colors/-/ansi-colors-4.1.3.tgz",
      "integrity": "sha512-/6w/C21Pm1A7aZitlI5Ni/2J6FFQN8i1Cvz3kHABAAbw93v/NlvKdVOqz7CCWz/3iv/JplRSEEZ83XION15ovw==",
      "peer": true
    },
    "ansi-styles": {
      "version": "4.3.0",
      "resolved": "https://registry.npmjs.org/ansi-styles/-/ansi-styles-4.3.0.tgz",
      "integrity": "sha512-zbB9rCJAT1rbjiVDb2hqKFHNYLxgtk8NURxZ3IZwD3F6NtxbXZQCnnSi1Lkx+IDohdPlFp222wVALIheZJQSEg==",
      "dev": true,
      "requires": {
        "color-convert": "^2.0.1"
      }
    },
    "chalk": {
      "version": "4.1.2",
      "resolved": "https://registry.npmjs.org/chalk/-/chalk-4.1.2.tgz",
      "integrity": "sha512-oKnbhFyRIXpUuez8iBMmyEa4nbj4IOQyuhc/wy9kY7/WVPcwIO9VA668Pu8RkO7+0G76SLROeyw9CpQ061i4mA==",
      "dev": true,
      "requires": {
        "ansi-styles": "^4.1.0",
        "supports-color": "^7.1.0"
      }
    },
    "color-convert": {
      "version": "2.0.1",
      "resolved": "https://registry.npmjs.org/color-convert/-/color-convert-2.0.1.tgz",
      "integrity": "sha512-RRECPsj7iu/xb5oKYcsFHSppFNnsj/52OVTRKb4zP5onXwVF3zVmmToNcOfGC+CRDpfK/U584fMg38ZHCaElKQ==",
      "dev": true,
      "requires": {
        "color-name": "~1.1.4"
      }
    },
    "color-name": {
      "version": "1.1.4",
      "resolved": "https://registry.npmjs.org/color-name/-/color-name-1.1.4.tgz",
      "integrity": "sha512-dOy+3AuW3a2wNbZHIuMZpTcgjGuLU/uBL/ubcZF9OXbDo8ff4O8yVp5Bf0efS8uEoYo5q4Fx7dY9OgQGXgAsQA==",
      "dev": true
    },
    "get-current-line": {
      "version": "6.6.0",
      "resolved": "https://registry.npmjs.org/get-current-line/-/get-current-line-6.6.0.tgz",
      "integrity": "sha512-9q/tqdL4+GMb0P28N/oSFruQE/8Sa1l9ew73AWS4j/KEMY32wD8+5QRB8LSTgt9HUZuLplmi8vc5dFFf5OvROA==",
      "peer": true
    },
    "has-flag": {
      "version": "4.0.0",
      "resolved": "https://registry.npmjs.org/has-flag/-/has-flag-4.0.0.tgz",
      "integrity": "sha512-EykJT/Q1KjTWctppgIAgfSO0tKVuZUjhgMr17kqTumMl6Afv3EISleU7qZUzoXDFTAHTDC4NOoG/ZxU3EvlMPQ==",
      "dev": true
    },
    "jest-automation": {
      "version": "file:../..",
      "requires": {
        "@cucumber/gherkin": "^24.0.0",
        "@docusaurus/core": "2.0.1",
        "@docusaurus/module-type-aliases": "2.0.1",
        "@docusaurus/preset-classic": "2.0.1",
        "@jscutlery/semver": "^2.26.0",
        "@mdx-js/react": "^1.6.21",
        "@nrwl/cli": "14.5.10",
        "@nrwl/eslint-plugin-nx": "14.5.10",
        "@nrwl/jest": "14.5.10",
        "@nrwl/js": "14.5.10",
        "@nrwl/linter": "14.5.10",
        "@nrwl/node": "14.5.10",
        "@nrwl/workspace": "14.5.10",
        "@nx-plus/docusaurus": "^14.1.0",
        "@types/jest": "^27.4.1",
        "@types/node": "^16.11.7",
        "@typescript-eslint/eslint-plugin": "^5.29.0",
        "@typescript-eslint/parser": "^5.29.0",
        "ansi-colors": "^4.1.3",
        "callsites": "^4.0.0",
        "class-validator": "^0.13.2",
        "clsx": "^1.1.1",
        "dotenv": "^16.0.2",
        "eslint": "~8.15.0",
        "eslint-config-prettier": "8.1.0",
        "get-current-line": "^6.6.0",
        "jest": "^27.5.1",
        "jest-html-reporter": "^3.6.0",
        "nx": "14.5.10",
        "prettier": "^2.6.2",
        "prism-react-renderer": "^1.2.1",
        "project-root-directory": "^1.0.3",
        "react": "^17.0.1",
        "react-dom": "^17.0.1",
        "reflect-metadata": "^0.1.13",
        "ts-jest": "27.1.4",
        "ts-node": "10.9.1",
        "tslib": "^2.3.0",
        "typescript": "~4.7.2"
      }
    },
    "reflect-metadata": {
      "version": "0.1.13",
      "resolved": "https://registry.npmjs.org/reflect-metadata/-/reflect-metadata-0.1.13.tgz",
      "integrity": "sha512-Ts1Y/anZELhSsjMcU605fU9RE4Oi3p5ORujwbIKXfWa+0Zxs510Qrmrce5/Jowq3cHSZSJqBjypxmHarc+vEWg=="
    },
    "regexp-match-indices": {
      "version": "1.0.2",
      "resolved": "https://registry.npmjs.org/regexp-match-indices/-/regexp-match-indices-1.0.2.tgz",
      "integrity": "sha512-DwZuAkt8NF5mKwGGER1EGh2PRqyvhRhhLviH+R8y8dIuaQROlUfXjt4s9ZTXstIsSkptf06BSvwcEmmfheJJWQ==",
      "requires": {
        "regexp-tree": "^0.1.11"
      }
    },
    "regexp-tree": {
      "version": "0.1.24",
      "resolved": "https://registry.npmjs.org/regexp-tree/-/regexp-tree-0.1.24.tgz",
      "integrity": "sha512-s2aEVuLhvnVJW6s/iPgEGK6R+/xngd2jNQ+xy4bXNDKxZKJH6jpPHY6kVeVv1IeLCHgswRj+Kl3ELaDjG6V1iw=="
    },
    "supports-color": {
      "version": "7.2.0",
      "resolved": "https://registry.npmjs.org/supports-color/-/supports-color-7.2.0.tgz",
      "integrity": "sha512-qpCAvRl9stuOHveKsn7HncJRvv501qIacKzQlO/+Lwxc9+0q2wLyv4Dfvt80/DPn2pqOBsJdDiogXGR9+OvwRw==",
      "dev": true,
      "requires": {
        "has-flag": "^4.0.0"
      }
    },
    "tslib": {
      "version": "2.4.0",
      "resolved": "https://registry.npmjs.org/tslib/-/tslib-2.4.0.tgz",
      "integrity": "sha512-d6xOpEDfsi2CZVlPQzGeux8XMwLT9hssAsaPYExaQMuYskwb+x1x7J371tWlbBdWHroy99KnVB6qIkUbs5X3UQ=="
    },
    "tsyringe": {
      "version": "4.7.0",
      "resolved": "https://registry.npmjs.org/tsyringe/-/tsyringe-4.7.0.tgz",
      "integrity": "sha512-ncFDM1jTLsok4ejMvSW5jN1VGPQD48y2tfAR0pdptWRKYX4bkbqPt92k7KJ5RFJ1KV36JEs/+TMh7I6OUgj74g==",
      "requires": {
        "tslib": "^1.9.3"
      },
      "dependencies": {
        "tslib": {
          "version": "1.14.1",
          "resolved": "https://registry.npmjs.org/tslib/-/tslib-1.14.1.tgz",
          "integrity": "sha512-Xni35NKzjgMrwevysHTCArtLDpPvye8zV/0E4EyYn43P7/7qvQwPh9BGkHewbMulVntbigmcT7rdX3BNo9wRJg=="
        }
      }
    }
  }
}
